
Microsoft Visual Studio Solution File, Format Version 12.00
# Visual Studio Version 17
VisualStudioVersion = 17.0.31903.59
MinimumVisualStudioVersion = 10.0.40219.1
Project("{2150E333-8FDC-42A3-9474-1A3956D46DE8}") = "src", "src", "{D22213F4-2B8A-4DF5-AFD8-AB2609975B7B}"
EndProject
Project("{2150E333-8FDC-42A3-9474-1A3956D46DE8}") = "tests", "tests", "{D490A7B2-5E38-4849-8DCD-462835726952}"
EndProject
Project("{FAE04EC0-301F-11D3-BF4B-00C04F79EFBC}") = "Api.TradeTracesNTStub", "src\Api.TradeTracesNTStub\Api.TradeTracesNTStub.csproj", "{2B6D3F66-810A-4092-A0B2-4EC05067B9A3}"
EndProject
Project("{FAE04EC0-301F-11D3-BF4B-00C04F79EFBC}") = "TradeTracesNTStub.Test", "tests\TradeTracesNTStub.Test\TradeTracesNTStub.Test.csproj", "{FA28E57B-2D41-4C1D-8743-1B762B36C76E}"
EndProject
Project("{FAE04EC0-301F-11D3-BF4B-00C04F79EFBC}") = "TradeTracesNTStub.IntegrationTests", "tests\TradeTracesNTStub.IntegrationTests\TradeTracesNTStub.IntegrationTests.csproj", "{3055F3B3-663F-4315-9F34-EBC52CEB7E2A}"
EndProject
Global
	GlobalSection(SolutionConfigurationPlatforms) = preSolution
		Debug|Any CPU = Debug|Any CPU
		Release|Any CPU = Release|Any CPU
	EndGlobalSection
	GlobalSection(ProjectConfigurationPlatforms) = postSolution
		{2B6D3F66-810A-4092-A0B2-4EC05067B9A3}.Debug|Any CPU.ActiveCfg = Debug|Any CPU
		{2B6D3F66-810A-4092-A0B2-4EC05067B9A3}.Debug|Any CPU.Build.0 = Debug|Any CPU
		{2B6D3F66-810A-4092-A0B2-4EC05067B9A3}.Release|Any CPU.ActiveCfg = Release|Any CPU
		{2B6D3F66-810A-4092-A0B2-4EC05067B9A3}.Release|Any CPU.Build.0 = Release|Any CPU
		{FA28E57B-2D41-4C1D-8743-1B762B36C76E}.Debug|Any CPU.ActiveCfg = Debug|Any CPU
		{FA28E57B-2D41-4C1D-8743-1B762B36C76E}.Debug|Any CPU.Build.0 = Debug|Any CPU
		{FA28E57B-2D41-4C1D-8743-1B762B36C76E}.Release|Any CPU.ActiveCfg = Release|Any CPU
		{FA28E57B-2D41-4C1D-8743-1B762B36C76E}.Release|Any CPU.Build.0 = Release|Any CPU
		{3055F3B3-663F-4315-9F34-EBC52CEB7E2A}.Debug|Any CPU.ActiveCfg = Debug|Any CPU
		{3055F3B3-663F-4315-9F34-EBC52CEB7E2A}.Debug|Any CPU.Build.0 = Debug|Any CPU
		{3055F3B3-663F-4315-9F34-EBC52CEB7E2A}.Release|Any CPU.ActiveCfg = Release|Any CPU
		{3055F3B3-663F-4315-9F34-EBC52CEB7E2A}.Release|Any CPU.Build.0 = Release|Any CPU
	EndGlobalSection
	GlobalSection(SolutionProperties) = preSolution
		HideSolutionNode = FALSE
	EndGlobalSection
	GlobalSection(NestedProjects) = preSolution
		{2B6D3F66-810A-4092-A0B2-4EC05067B9A3} = {D22213F4-2B8A-4DF5-AFD8-AB2609975B7B}
		{FA28E57B-2D41-4C1D-8743-1B762B36C76E} = {D490A7B2-5E38-4849-8DCD-462835726952}
		{3055F3B3-663F-4315-9F34-EBC52CEB7E2A} = {D490A7B2-5E38-4849-8DCD-462835726952}
	EndGlobalSection
EndGlobal
